
Microsoft Visual Studio Solution File, Format Version 12.00
# Visual Studio Version 16
VisualStudioVersion = 25.0.1705.0
MinimumVisualStudioVersion = 10.0.40219.1
Project("{FAE04EC0-301F-11D3-BF4B-00C04F79EFBC}") = "WeatherApp", "WeatherApp\WeatherApp.csproj", "{FF81F2F0-BF44-4D4F-B19D-EE5312CEF993}"
EndProject
Global
	GlobalSection(SolutionConfigurationPlatforms) = preSolution
		Debug|Any CPU = Debug|Any CPU
		Release|Any CPU = Release|Any CPU
	EndGlobalSection
	GlobalSection(ProjectConfigurationPlatforms) = postSolution
		{FF81F2F0-BF44-4D4F-B19D-EE5312CEF993}.Debug|Any CPU.ActiveCfg = Debug|Any CPU
		{FF81F2F0-BF44-4D4F-B19D-EE5312CEF993}.Debug|Any CPU.Build.0 = Debug|Any CPU
		{FF81F2F0-BF44-4D4F-B19D-EE5312CEF993}.Release|Any CPU.ActiveCfg = Release|Any CPU
		{FF81F2F0-BF44-4D4F-B19D-EE5312CEF993}.Release|Any CPU.Build.0 = Release|Any CPU
	EndGlobalSection
	GlobalSection(SolutionProperties) = preSolution
		HideSolutionNode = FALSE
	EndGlobalSection
	GlobalSection(ExtensibilityGlobals) = postSolution
		SolutionGuid = {C8E4C9B8-DC2C-42B4-8454-20581637E34A}
	EndGlobalSection
EndGlobal
